
Microsoft Visual Studio Solution File, Format Version 12.00
# Visual Studio 15
VisualStudioVersion = 15.0.28010.2048
MinimumVisualStudioVersion = 10.0.40219.1
Project("{FAE04EC0-301F-11D3-BF4B-00C04F79EFBC}") = "MainProgram", "MainProgram\MainProgram.csproj", "{9E1950CC-59C0-466D-9E1F-0C2D7DF07127}"
EndProject
Project("{FAE04EC0-301F-11D3-BF4B-00C04F79EFBC}") = "PersonGenerator", "PersonGenerator\PersonGenerator.csproj", "{24894C7F-6F40-42A6-B3BF-4EAC2D4C59EC}"
EndProject
Project("{FAE04EC0-301F-11D3-BF4B-00C04F79EFBC}") = "Models", "Models\Models.csproj", "{EFBB0879-4584-46BC-8311-BB040E3C7EE0}"
EndProject
Global
	GlobalSection(SolutionConfigurationPlatforms) = preSolution
		Debug|Any CPU = Debug|Any CPU
		Release|Any CPU = Release|Any CPU
	EndGlobalSection
	GlobalSection(ProjectConfigurationPlatforms) = postSolution
		{9E1950CC-59C0-466D-9E1F-0C2D7DF07127}.Debug|Any CPU.ActiveCfg = Debug|Any CPU
		{9E1950CC-59C0-466D-9E1F-0C2D7DF07127}.Debug|Any CPU.Build.0 = Debug|Any CPU
		{9E1950CC-59C0-466D-9E1F-0C2D7DF07127}.Release|Any CPU.ActiveCfg = Release|Any CPU
		{9E1950CC-59C0-466D-9E1F-0C2D7DF07127}.Release|Any CPU.Build.0 = Release|Any CPU
		{24894C7F-6F40-42A6-B3BF-4EAC2D4C59EC}.Debug|Any CPU.ActiveCfg = Debug|Any CPU
		{24894C7F-6F40-42A6-B3BF-4EAC2D4C59EC}.Debug|Any CPU.Build.0 = Debug|Any CPU
		{24894C7F-6F40-42A6-B3BF-4EAC2D4C59EC}.Release|Any CPU.ActiveCfg = Release|Any CPU
		{24894C7F-6F40-42A6-B3BF-4EAC2D4C59EC}.Release|Any CPU.Build.0 = Release|Any CPU
		{EFBB0879-4584-46BC-8311-BB040E3C7EE0}.Debug|Any CPU.ActiveCfg = Debug|Any CPU
		{EFBB0879-4584-46BC-8311-BB040E3C7EE0}.Debug|Any CPU.Build.0 = Debug|Any CPU
		{EFBB0879-4584-46BC-8311-BB040E3C7EE0}.Release|Any CPU.ActiveCfg = Release|Any CPU
		{EFBB0879-4584-46BC-8311-BB040E3C7EE0}.Release|Any CPU.Build.0 = Release|Any CPU
	EndGlobalSection
	GlobalSection(SolutionProperties) = preSolution
		HideSolutionNode = FALSE
	EndGlobalSection
	GlobalSection(ExtensibilityGlobals) = postSolution
		SolutionGuid = {4DFE03F1-E293-4B74-BAC2-CD327241574C}
	EndGlobalSection
EndGlobal
